
Microsoft Visual Studio Solution File, Format Version 12.00
# Visual Studio Version 16
VisualStudioVersion = 16.0.30413.136
MinimumVisualStudioVersion = 10.0.40219.1
Project("{FAE04EC0-301F-11D3-BF4B-00C04F79EFBC}") = "GsoRetinalCameraSaver", "GsoRetinalCameraSaver\GsoRetinalCameraSaver.csproj", "{3562C5A9-ACBA-400B-9D99-C00B553B9965}"
EndProject
Global
	GlobalSection(SolutionConfigurationPlatforms) = preSolution
		Debug|Any CPU = Debug|Any CPU
		Release|Any CPU = Release|Any CPU
	EndGlobalSection
	GlobalSection(ProjectConfigurationPlatforms) = postSolution
		{3562C5A9-ACBA-400B-9D99-C00B553B9965}.Debug|Any CPU.ActiveCfg = Debug|Any CPU
		{3562C5A9-ACBA-400B-9D99-C00B553B9965}.Debug|Any CPU.Build.0 = Debug|Any CPU
		{3562C5A9-ACBA-400B-9D99-C00B553B9965}.Release|Any CPU.ActiveCfg = Release|Any CPU
		{3562C5A9-ACBA-400B-9D99-C00B553B9965}.Release|Any CPU.Build.0 = Release|Any CPU
	EndGlobalSection
	GlobalSection(SolutionProperties) = preSolution
		HideSolutionNode = FALSE
	EndGlobalSection
	GlobalSection(ExtensibilityGlobals) = postSolution
		SolutionGuid = {A9C7475A-2DAD-4748-BA6C-0EBA75C28A80}
	EndGlobalSection
EndGlobal
